{
  "name": "apex_parser",
  "version": "1.0.0",
  "lockfileVersion": 3,
  "requires": true,
  "packages": {
    "": {
      "name": "apex_parser",
      "version": "1.0.0",
      "license": "ISC",
      "dependencies": {
        "@apexdevtools/apex-parser": "^5.0.0-beta.5"
      }
    },
    "node_modules/@apexdevtools/apex-parser": {
      "version": "5.0.0-beta.5",
      "resolved": "https://registry.npmjs.org/@apexdevtools/apex-parser/-/apex-parser-5.0.0-beta.5.tgz",
      "integrity": "sha512-t5UPBiTMMVUL+XnOLvGUARm52G/GgNMKwYxboNxFSent8f6j707za6qryt98iJ6gABTtRyINyBnLoBJmbfkXjg==",
      "bundleDependencies": [
        "antlr4"
      ],
      "license": "BSD-3-Clause",
      "dependencies": {
        "antlr4": "4.13.2"
      },
      "engines": {
        "node": ">=20.19.0 || >=22.12.0"
      }
    },
    "node_modules/@apexdevtools/apex-parser/node_modules/antlr4": {
      "version": "4.13.2",
      "inBundle": true,
      "license": "BSD-3-Clause",
      "engines": {
        "node": ">=16"
      }
    }
  }
}
